// !$*UTF8*$!
{
	archiveVersion = 1;
	classes = {
	};
	objectVersion = 56;
	objects = {

/* Begin PBXBuildFile section */
		DE29EC5029A8E55F00923B2A /* CellView.swift in Sources */ = {isa = PBXBuildFile; fileRef = DE29EC4F29A8E55F00923B2A /* CellView.swift */; };
		DE29EC5929A8E73600923B2A /* PopularMCollectionViewCell.swift in Sources */ = {isa = PBXBuildFile; fileRef = DE29EC5729A8E73600923B2A /* PopularMCollectionViewCell.swift */; };
		DE29EC5A29A8E73600923B2A /* PopularMCollectionViewCell.xib in Resources */ = {isa = PBXBuildFile; fileRef = DE29EC5829A8E73600923B2A /* PopularMCollectionViewCell.xib */; };
		DE29EC5C29A8E9EF00923B2A /* MoviesPopular.swift in Sources */ = {isa = PBXBuildFile; fileRef = DE29EC5B29A8E9EF00923B2A /* MoviesPopular.swift */; };
		DE29EC6329A8EE9D00923B2A /* Method.swift in Sources */ = {isa = PBXBuildFile; fileRef = DE29EC6229A8EE9D00923B2A /* Method.swift */; };
		DE29EC6529A8EEA900923B2A /* Route.swift in Sources */ = {isa = PBXBuildFile; fileRef = DE29EC6429A8EEA900923B2A /* Route.swift */; };
		DE29EC6729A8F99400923B2A /* NetworkService.swift in Sources */ = {isa = PBXBuildFile; fileRef = DE29EC6629A8F99400923B2A /* NetworkService.swift */; };
		DE4D976029AA294500A634A1 /* TopRatedMCollectionViewCell.swift in Sources */ = {isa = PBXBuildFile; fileRef = DE4D975E29AA294500A634A1 /* TopRatedMCollectionViewCell.swift */; };
		DE4D976129AA294500A634A1 /* TopRatedMCollectionViewCell.xib in Resources */ = {isa = PBXBuildFile; fileRef = DE4D975F29AA294500A634A1 /* TopRatedMCollectionViewCell.xib */; };
		DE4D976429AA316500A634A1 /* UpcomingMCollectionViewCell.swift in Sources */ = {isa = PBXBuildFile; fileRef = DE4D976229AA316500A634A1 /* UpcomingMCollectionViewCell.swift */; };
		DE4D976529AA316500A634A1 /* UpcomingMCollectionViewCell.xib in Resources */ = {isa = PBXBuildFile; fileRef = DE4D976329AA316500A634A1 /* UpcomingMCollectionViewCell.xib */; };
		DE4D976729AA392600A634A1 /* Instantiater.swift in Sources */ = {isa = PBXBuildFile; fileRef = DE4D976629AA392600A634A1 /* Instantiater.swift */; };
		DE4D976929AA39BE00A634A1 /* PopularDetailViewController.swift in Sources */ = {isa = PBXBuildFile; fileRef = DE4D976829AA39BE00A634A1 /* PopularDetailViewController.swift */; };
		DE60021A29A92CD600B7C046 /* Alamofire in Frameworks */ = {isa = PBXBuildFile; productRef = DE60021929A92CD600B7C046 /* Alamofire */; };
		DE60021C29A92D8500B7C046 /* ErrorType.swift in Sources */ = {isa = PBXBuildFile; fileRef = DE60021B29A92D8500B7C046 /* ErrorType.swift */; };
		DE60021E29A930F300B7C046 /* HomeManager.swift in Sources */ = {isa = PBXBuildFile; fileRef = DE60021D29A930F300B7C046 /* HomeManager.swift */; };
		DE60022129A94F0500B7C046 /* SDWebImage in Frameworks */ = {isa = PBXBuildFile; productRef = DE60022029A94F0500B7C046 /* SDWebImage */; };
		DEA2803429AB7F960027A9F2 /* SearchViewController.swift in Sources */ = {isa = PBXBuildFile; fileRef = DEA2803329AB7F960027A9F2 /* SearchViewController.swift */; };
		DEA2803729AB806D0027A9F2 /* SearchTableViewCell.swift in Sources */ = {isa = PBXBuildFile; fileRef = DEA2803529AB806D0027A9F2 /* SearchTableViewCell.swift */; };
		DEA2803829AB806D0027A9F2 /* SearchTableViewCell.xib in Resources */ = {isa = PBXBuildFile; fileRef = DEA2803629AB806D0027A9F2 /* SearchTableViewCell.xib */; };
		DED4E5BF29A8DCA200C74B0C /* AppDelegate.swift in Sources */ = {isa = PBXBuildFile; fileRef = DED4E5BE29A8DCA200C74B0C /* AppDelegate.swift */; };
		DED4E5C129A8DCA200C74B0C /* SceneDelegate.swift in Sources */ = {isa = PBXBuildFile; fileRef = DED4E5C029A8DCA200C74B0C /* SceneDelegate.swift */; };
		DED4E5C329A8DCA200C74B0C /* ViewController.swift in Sources */ = {isa = PBXBuildFile; fileRef = DED4E5C229A8DCA200C74B0C /* ViewController.swift */; };
		DED4E5C629A8DCA200C74B0C /* Main.storyboard in Resources */ = {isa = PBXBuildFile; fileRef = DED4E5C429A8DCA200C74B0C /* Main.storyboard */; };
		DED4E5C829A8DCA200C74B0C /* Assets.xcassets in Resources */ = {isa = PBXBuildFile; fileRef = DED4E5C729A8DCA200C74B0C /* Assets.xcassets */; };
		DED4E5CB29A8DCA200C74B0C /* LaunchScreen.storyboard in Resources */ = {isa = PBXBuildFile; fileRef = DED4E5C929A8DCA200C74B0C /* LaunchScreen.storyboard */; };
		DED4E5D729A8E2A500C74B0C /* MoviesViewController.swift in Sources */ = {isa = PBXBuildFile; fileRef = DED4E5D629A8E2A500C74B0C /* MoviesViewController.swift */; };
/* End PBXBuildFile section */

/* Begin PBXFileReference section */
		DE29EC4F29A8E55F00923B2A /* CellView.swift */ = {isa = PBXFileReference; lastKnownFileType = sourcecode.swift; path = CellView.swift; sourceTree = "<group>"; };
		DE29EC5729A8E73600923B2A /* PopularMCollectionViewCell.swift */ = {isa = PBXFileReference; lastKnownFileType = sourcecode.swift; path = PopularMCollectionViewCell.swift; sourceTree = "<group>"; };
		DE29EC5829A8E73600923B2A /* PopularMCollectionViewCell.xib */ = {isa = PBXFileReference; lastKnownFileType = file.xib; path = PopularMCollectionViewCell.xib; sourceTree = "<group>"; };
		DE29EC5B29A8E9EF00923B2A /* MoviesPopular.swift */ = {isa = PBXFileReference; lastKnownFileType = sourcecode.swift; path = MoviesPopular.swift; sourceTree = "<group>"; };
		DE29EC6229A8EE9D00923B2A /* Method.swift */ = {isa = PBXFileReference; lastKnownFileType = sourcecode.swift; path = Method.swift; sourceTree = "<group>"; };
		DE29EC6429A8EEA900923B2A /* Route.swift */ = {isa = PBXFileReference; lastKnownFileType = sourcecode.swift; path = Route.swift; sourceTree = "<group>"; };
		DE29EC6629A8F99400923B2A /* NetworkService.swift */ = {isa = PBXFileReference; lastKnownFileType = sourcecode.swift; path = NetworkService.swift; sourceTree = "<group>"; };
		DE4D975E29AA294500A634A1 /* TopRatedMCollectionViewCell.swift */ = {isa = PBXFileReference; lastKnownFileType = sourcecode.swift; path = TopRatedMCollectionViewCell.swift; sourceTree = "<group>"; };
		DE4D975F29AA294500A634A1 /* TopRatedMCollectionViewCell.xib */ = {isa = PBXFileReference; lastKnownFileType = file.xib; path = TopRatedMCollectionViewCell.xib; sourceTree = "<group>"; };
		DE4D976229AA316500A634A1 /* UpcomingMCollectionViewCell.swift */ = {isa = PBXFileReference; lastKnownFileType = sourcecode.swift; path = UpcomingMCollectionViewCell.swift; sourceTree = "<group>"; };
		DE4D976329AA316500A634A1 /* UpcomingMCollectionViewCell.xib */ = {isa = PBXFileReference; lastKnownFileType = file.xib; path = UpcomingMCollectionViewCell.xib; sourceTree = "<group>"; };
		DE4D976629AA392600A634A1 /* Instantiater.swift */ = {isa = PBXFileReference; lastKnownFileType = sourcecode.swift; path = Instantiater.swift; sourceTree = "<group>"; };
		DE4D976829AA39BE00A634A1 /* PopularDetailViewController.swift */ = {isa = PBXFileReference; lastKnownFileType = sourcecode.swift; path = PopularDetailViewController.swift; sourceTree = "<group>"; };
		DE60021B29A92D8500B7C046 /* ErrorType.swift */ = {isa = PBXFileReference; lastKnownFileType = sourcecode.swift; path = ErrorType.swift; sourceTree = "<group>"; };
		DE60021D29A930F300B7C046 /* HomeManager.swift */ = {isa = PBXFileReference; lastKnownFileType = sourcecode.swift; path = HomeManager.swift; sourceTree = "<group>"; };
		DEA2803329AB7F960027A9F2 /* SearchViewController.swift */ = {isa = PBXFileReference; lastKnownFileType = sourcecode.swift; path = SearchViewController.swift; sourceTree = "<group>"; };
		DEA2803529AB806D0027A9F2 /* SearchTableViewCell.swift */ = {isa = PBXFileReference; lastKnownFileType = sourcecode.swift; path = SearchTableViewCell.swift; sourceTree = "<group>"; };
		DEA2803629AB806D0027A9F2 /* SearchTableViewCell.xib */ = {isa = PBXFileReference; lastKnownFileType = file.xib; path = SearchTableViewCell.xib; sourceTree = "<group>"; };
		DED4E5BB29A8DCA200C74B0C /* MovieApp.app */ = {isa = PBXFileReference; explicitFileType = wrapper.application; includeInIndex = 0; path = MovieApp.app; sourceTree = BUILT_PRODUCTS_DIR; };
		DED4E5BE29A8DCA200C74B0C /* AppDelegate.swift */ = {isa = PBXFileReference; lastKnownFileType = sourcecode.swift; path = AppDelegate.swift; sourceTree = "<group>"; };
		DED4E5C029A8DCA200C74B0C /* SceneDelegate.swift */ = {isa = PBXFileReference; lastKnownFileType = sourcecode.swift; path = SceneDelegate.swift; sourceTree = "<group>"; };
		DED4E5C229A8DCA200C74B0C /* ViewController.swift */ = {isa = PBXFileReference; lastKnownFileType = sourcecode.swift; path = ViewController.swift; sourceTree = "<group>"; };
		DED4E5C529A8DCA200C74B0C /* Base */ = {isa = PBXFileReference; lastKnownFileType = file.storyboard; name = Base; path = Base.lproj/Main.storyboard; sourceTree = "<group>"; };
		DED4E5C729A8DCA200C74B0C /* Assets.xcassets */ = {isa = PBXFileReference; lastKnownFileType = folder.assetcatalog; path = Assets.xcassets; sourceTree = "<group>"; };
		DED4E5CA29A8DCA200C74B0C /* Base */ = {isa = PBXFileReference; lastKnownFileType = file.storyboard; name = Base; path = Base.lproj/LaunchScreen.storyboard; sourceTree = "<group>"; };
		DED4E5CC29A8DCA200C74B0C /* Info.plist */ = {isa = PBXFileReference; lastKnownFileType = text.plist.xml; path = Info.plist; sourceTree = "<group>"; };
		DED4E5D629A8E2A500C74B0C /* MoviesViewController.swift */ = {isa = PBXFileReference; lastKnownFileType = sourcecode.swift; path = MoviesViewController.swift; sourceTree = "<group>"; };
/* End PBXFileReference section */

/* Begin PBXFrameworksBuildPhase section */
		DED4E5B829A8DCA200C74B0C /* Frameworks */ = {
			isa = PBXFrameworksBuildPhase;
			buildActionMask = 2147483647;
			files = (
				DE60022129A94F0500B7C046 /* SDWebImage in Frameworks */,
				DE60021A29A92CD600B7C046 /* Alamofire in Frameworks */,
			);
			runOnlyForDeploymentPostprocessing = 0;
		};
/* End PBXFrameworksBuildPhase section */

/* Begin PBXGroup section */
		DE29EC4E29A8E54A00923B2A /* Extensions */ = {
			isa = PBXGroup;
			children = (
				DE29EC4F29A8E55F00923B2A /* CellView.swift */,
				DE4D976629AA392600A634A1 /* Instantiater.swift */,
			);
			path = Extensions;
			sourceTree = "<group>";
		};
		DE29EC6129A8EE7200923B2A /* Network */ = {
			isa = PBXGroup;
			children = (
				DE29EC6229A8EE9D00923B2A /* Method.swift */,
				DE29EC6429A8EEA900923B2A /* Route.swift */,
				DE29EC6629A8F99400923B2A /* NetworkService.swift */,
				DE60021B29A92D8500B7C046 /* ErrorType.swift */,
				DE60021D29A930F300B7C046 /* HomeManager.swift */,
			);
			path = Network;
			sourceTree = "<group>";
		};
		DED4E5B229A8DCA200C74B0C = {
			isa = PBXGroup;
			children = (
				DED4E5BD29A8DCA200C74B0C /* MovieApp */,
				DED4E5BC29A8DCA200C74B0C /* Products */,
			);
			sourceTree = "<group>";
		};
		DED4E5BC29A8DCA200C74B0C /* Products */ = {
			isa = PBXGroup;
			children = (
				DED4E5BB29A8DCA200C74B0C /* MovieApp.app */,
			);
			name = Products;
			sourceTree = "<group>";
		};
		DED4E5BD29A8DCA200C74B0C /* MovieApp */ = {
			isa = PBXGroup;
			children = (
				DE29EC6129A8EE7200923B2A /* Network */,
				DE29EC4E29A8E54A00923B2A /* Extensions */,
				DED4E5D429A8DCD900C74B0C /* Controllers */,
				DED4E5D329A8DCD100C74B0C /* View */,
				DED4E5D229A8DCCA00C74B0C /* Models */,
				DED4E5BE29A8DCA200C74B0C /* AppDelegate.swift */,
				DED4E5C029A8DCA200C74B0C /* SceneDelegate.swift */,
				DED4E5C229A8DCA200C74B0C /* ViewController.swift */,
				DED4E5C429A8DCA200C74B0C /* Main.storyboard */,
				DED4E5C729A8DCA200C74B0C /* Assets.xcassets */,
				DED4E5C929A8DCA200C74B0C /* LaunchScreen.storyboard */,
				DED4E5CC29A8DCA200C74B0C /* Info.plist */,
			);
			path = MovieApp;
			sourceTree = "<group>";
		};
		DED4E5D229A8DCCA00C74B0C /* Models */ = {
			isa = PBXGroup;
			children = (
				DE29EC5B29A8E9EF00923B2A /* MoviesPopular.swift */,
			);
			path = Models;
			sourceTree = "<group>";
		};
		DED4E5D329A8DCD100C74B0C /* View */ = {
			isa = PBXGroup;
			children = (
				DED4E5DC29A8E46600C74B0C /* PopularCollectionViewCell */,
			);
			path = View;
			sourceTree = "<group>";
		};
		DED4E5D429A8DCD900C74B0C /* Controllers */ = {
			isa = PBXGroup;
			children = (
				DED4E5D629A8E2A500C74B0C /* MoviesViewController.swift */,
				DE4D976829AA39BE00A634A1 /* PopularDetailViewController.swift */,
				DEA2803329AB7F960027A9F2 /* SearchViewController.swift */,
			);
			path = Controllers;
			sourceTree = "<group>";
		};
		DED4E5DC29A8E46600C74B0C /* PopularCollectionViewCell */ = {
			isa = PBXGroup;
			children = (
				DE29EC5729A8E73600923B2A /* PopularMCollectionViewCell.swift */,
				DE29EC5829A8E73600923B2A /* PopularMCollectionViewCell.xib */,
				DE4D975E29AA294500A634A1 /* TopRatedMCollectionViewCell.swift */,
				DE4D975F29AA294500A634A1 /* TopRatedMCollectionViewCell.xib */,
				DE4D976229AA316500A634A1 /* UpcomingMCollectionViewCell.swift */,
				DE4D976329AA316500A634A1 /* UpcomingMCollectionViewCell.xib */,
				DEA2803529AB806D0027A9F2 /* SearchTableViewCell.swift */,
				DEA2803629AB806D0027A9F2 /* SearchTableViewCell.xib */,
			);
			path = PopularCollectionViewCell;
			sourceTree = "<group>";
		};
/* End PBXGroup section */

/* Begin PBXNativeTarget section */
		DED4E5BA29A8DCA200C74B0C /* MovieApp */ = {
			isa = PBXNativeTarget;
			buildConfigurationList = DED4E5CF29A8DCA200C74B0C /* Build configuration list for PBXNativeTarget "MovieApp" */;
			buildPhases = (
				DED4E5B729A8DCA200C74B0C /* Sources */,
				DED4E5B829A8DCA200C74B0C /* Frameworks */,
				DED4E5B929A8DCA200C74B0C /* Resources */,
			);
			buildRules = (
			);
			dependencies = (
			);
			name = MovieApp;
			packageProductDependencies = (
				DE60021929A92CD600B7C046 /* Alamofire */,
				DE60022029A94F0500B7C046 /* SDWebImage */,
			);
			productName = MovieApp;
			productReference = DED4E5BB29A8DCA200C74B0C /* MovieApp.app */;
			productType = "com.apple.product-type.application";
		};
/* End PBXNativeTarget section */

/* Begin PBXProject section */
		DED4E5B329A8DCA200C74B0C /* Project object */ = {
			isa = PBXProject;
			attributes = {
				BuildIndependentTargetsInParallel = 1;
				LastSwiftUpdateCheck = 1410;
				LastUpgradeCheck = 1410;
				TargetAttributes = {
					DED4E5BA29A8DCA200C74B0C = {
						CreatedOnToolsVersion = 14.1;
					};
				};
			};
			buildConfigurationList = DED4E5B629A8DCA200C74B0C /* Build configuration list for PBXProject "MovieApp" */;
			compatibilityVersion = "Xcode 14.0";
			developmentRegion = en;
			hasScannedForEncodings = 0;
			knownRegions = (
				en,
				Base,
			);
			mainGroup = DED4E5B229A8DCA200C74B0C;
			packageReferences = (
				DE60021829A92CD600B7C046 /* XCRemoteSwiftPackageReference "Alamofire" */,
				DE60021F29A94F0500B7C046 /* XCRemoteSwiftPackageReference "SDWebImage" */,
			);
			productRefGroup = DED4E5BC29A8DCA200C74B0C /* Products */;
			projectDirPath = "";
			projectRoot = "";
			targets = (
				DED4E5BA29A8DCA200C74B0C /* MovieApp */,
			);
		};
/* End PBXProject section */

/* Begin PBXResourcesBuildPhase section */
		DED4E5B929A8DCA200C74B0C /* Resources */ = {
			isa = PBXResourcesBuildPhase;
			buildActionMask = 2147483647;
			files = (
				DE4D976529AA316500A634A1 /* UpcomingMCollectionViewCell.xib in Resources */,
				DE4D976129AA294500A634A1 /* TopRatedMCollectionViewCell.xib in Resources */,
				DED4E5CB29A8DCA200C74B0C /* LaunchScreen.storyboard in Resources */,
				DED4E5C829A8DCA200C74B0C /* Assets.xcassets in Resources */,
				DEA2803829AB806D0027A9F2 /* SearchTableViewCell.xib in Resources */,
				DE29EC5A29A8E73600923B2A /* PopularMCollectionViewCell.xib in Resources */,
				DED4E5C629A8DCA200C74B0C /* Main.storyboard in Resources */,
			);
			runOnlyForDeploymentPostprocessing = 0;
		};
/* End PBXResourcesBuildPhase section */

/* Begin PBXSourcesBuildPhase section */
		DED4E5B729A8DCA200C74B0C /* Sources */ = {
			isa = PBXSourcesBuildPhase;
			buildActionMask = 2147483647;
			files = (
				DE29EC6729A8F99400923B2A /* NetworkService.swift in Sources */,
				DE29EC6529A8EEA900923B2A /* Route.swift in Sources */,
				DE29EC6329A8EE9D00923B2A /* Method.swift in Sources */,
				DEA2803429AB7F960027A9F2 /* SearchViewController.swift in Sources */,
				DE4D976929AA39BE00A634A1 /* PopularDetailViewController.swift in Sources */,
				DE4D976729AA392600A634A1 /* Instantiater.swift in Sources */,
				DE29EC5C29A8E9EF00923B2A /* MoviesPopular.swift in Sources */,
				DE60021E29A930F300B7C046 /* HomeManager.swift in Sources */,
				DE29EC5929A8E73600923B2A /* PopularMCollectionViewCell.swift in Sources */,
				DEA2803729AB806D0027A9F2 /* SearchTableViewCell.swift in Sources */,
				DE4D976429AA316500A634A1 /* UpcomingMCollectionViewCell.swift in Sources */,
				DED4E5C329A8DCA200C74B0C /* ViewController.swift in Sources */,
				DE4D976029AA294500A634A1 /* TopRatedMCollectionViewCell.swift in Sources */,
				DE60021C29A92D8500B7C046 /* ErrorType.swift in Sources */,
				DE29EC5029A8E55F00923B2A /* CellView.swift in Sources */,
				DED4E5BF29A8DCA200C74B0C /* AppDelegate.swift in Sources */,
				DED4E5C129A8DCA200C74B0C /* SceneDelegate.swift in Sources */,
				DED4E5D729A8E2A500C74B0C /* MoviesViewController.swift in Sources */,
			);
			runOnlyForDeploymentPostprocessing = 0;
		};
/* End PBXSourcesBuildPhase section */

/* Begin PBXVariantGroup section */
		DED4E5C429A8DCA200C74B0C /* Main.storyboard */ = {
			isa = PBXVariantGroup;
			children = (
				DED4E5C529A8DCA200C74B0C /* Base */,
			);
			name = Main.storyboard;
			sourceTree = "<group>";
		};
		DED4E5C929A8DCA200C74B0C /* LaunchScreen.storyboard */ = {
			isa = PBXVariantGroup;
			children = (
				DED4E5CA29A8DCA200C74B0C /* Base */,
			);
			name = LaunchScreen.storyboard;
			sourceTree = "<group>";
		};
/* End PBXVariantGroup section */

/* Begin XCBuildConfiguration section */
		DED4E5CD29A8DCA200C74B0C /* Debug */ = {
			isa = XCBuildConfiguration;
			buildSettings = {
				ALWAYS_SEARCH_USER_PATHS = NO;
				CLANG_ANALYZER_NONNULL = YES;
				CLANG_ANALYZER_NUMBER_OBJECT_CONVERSION = YES_AGGRESSIVE;
				CLANG_CXX_LANGUAGE_STANDARD = "gnu++20";
				CLANG_ENABLE_MODULES = YES;
				CLANG_ENABLE_OBJC_ARC = YES;
				CLANG_ENABLE_OBJC_WEAK = YES;
				CLANG_WARN_BLOCK_CAPTURE_AUTORELEASING = YES;
				CLANG_WARN_BOOL_CONVERSION = YES;
				CLANG_WARN_COMMA = YES;
				CLANG_WARN_CONSTANT_CONVERSION = YES;
				CLANG_WARN_DEPRECATED_OBJC_IMPLEMENTATIONS = YES;
				CLANG_WARN_DIRECT_OBJC_ISA_USAGE = YES_ERROR;
				CLANG_WARN_DOCUMENTATION_COMMENTS = YES;
				CLANG_WARN_EMPTY_BODY = YES;
				CLANG_WARN_ENUM_CONVERSION = YES;
				CLANG_WARN_INFINITE_RECURSION = YES;
				CLANG_WARN_INT_CONVERSION = YES;
				CLANG_WARN_NON_LITERAL_NULL_CONVERSION = YES;
				CLANG_WARN_OBJC_IMPLICIT_RETAIN_SELF = YES;
				CLANG_WARN_OBJC_LITERAL_CONVERSION = YES;
				CLANG_WARN_OBJC_ROOT_CLASS = YES_ERROR;
				CLANG_WARN_QUOTED_INCLUDE_IN_FRAMEWORK_HEADER = YES;
				CLANG_WARN_RANGE_LOOP_ANALYSIS = YES;
				CLANG_WARN_STRICT_PROTOTYPES = YES;
				CLANG_WARN_SUSPICIOUS_MOVE = YES;
				CLANG_WARN_UNGUARDED_AVAILABILITY = YES_AGGRESSIVE;
				CLANG_WARN_UNREACHABLE_CODE = YES;
				CLANG_WARN__DUPLICATE_METHOD_MATCH = YES;
				COPY_PHASE_STRIP = NO;
				DEBUG_INFORMATION_FORMAT = dwarf;
				ENABLE_STRICT_OBJC_MSGSEND = YES;
				ENABLE_TESTABILITY = YES;
				GCC_C_LANGUAGE_STANDARD = gnu11;
				GCC_DYNAMIC_NO_PIC = NO;
				GCC_NO_COMMON_BLOCKS = YES;
				GCC_OPTIMIZATION_LEVEL = 0;
				GCC_PREPROCESSOR_DEFINITIONS = (
					"DEBUG=1",
					"$(inherited)",
				);
				GCC_WARN_64_TO_32_BIT_CONVERSION = YES;
				GCC_WARN_ABOUT_RETURN_TYPE = YES_ERROR;
				GCC_WARN_UNDECLARED_SELECTOR = YES;
				GCC_WARN_UNINITIALIZED_AUTOS = YES_AGGRESSIVE;
				GCC_WARN_UNUSED_FUNCTION = YES;
				GCC_WARN_UNUSED_VARIABLE = YES;
				IPHONEOS_DEPLOYMENT_TARGET = 16.1;
				MTL_ENABLE_DEBUG_INFO = INCLUDE_SOURCE;
				MTL_FAST_MATH = YES;
				ONLY_ACTIVE_ARCH = YES;
				SDKROOT = iphoneos;
				SWIFT_ACTIVE_COMPILATION_CONDITIONS = DEBUG;
				SWIFT_OPTIMIZATION_LEVEL = "-Onone";
			};
			name = Debug;
		};
		DED4E5CE29A8DCA200C74B0C /* Release */ = {
			isa = XCBuildConfiguration;
			buildSettings = {
				ALWAYS_SEARCH_USER_PATHS = NO;
				CLANG_ANALYZER_NONNULL = YES;
				CLANG_ANALYZER_NUMBER_OBJECT_CONVERSION = YES_AGGRESSIVE;
				CLANG_CXX_LANGUAGE_STANDARD = "gnu++20";
				CLANG_ENABLE_MODULES = YES;
				CLANG_ENABLE_OBJC_ARC = YES;
				CLANG_ENABLE_OBJC_WEAK = YES;
				CLANG_WARN_BLOCK_CAPTURE_AUTORELEASING = YES;
				CLANG_WARN_BOOL_CONVERSION = YES;
				CLANG_WARN_COMMA = YES;
				CLANG_WARN_CONSTANT_CONVERSION = YES;
				CLANG_WARN_DEPRECATED_OBJC_IMPLEMENTATIONS = YES;
				CLANG_WARN_DIRECT_OBJC_ISA_USAGE = YES_ERROR;
				CLANG_WARN_DOCUMENTATION_COMMENTS = YES;
				CLANG_WARN_EMPTY_BODY = YES;
				CLANG_WARN_ENUM_CONVERSION = YES;
				CLANG_WARN_INFINITE_RECURSION = YES;
				CLANG_WARN_INT_CONVERSION = YES;
				CLANG_WARN_NON_LITERAL_NULL_CONVERSION = YES;
				CLANG_WARN_OBJC_IMPLICIT_RETAIN_SELF = YES;
				CLANG_WARN_OBJC_LITERAL_CONVERSION = YES;
				CLANG_WARN_OBJC_ROOT_CLASS = YES_ERROR;
				CLANG_WARN_QUOTED_INCLUDE_IN_FRAMEWORK_HEADER = YES;
				CLANG_WARN_RANGE_LOOP_ANALYSIS = YES;
				CLANG_WARN_STRICT_PROTOTYPES = YES;
				CLANG_WARN_SUSPICIOUS_MOVE = YES;
				CLANG_WARN_UNGUARDED_AVAILABILITY = YES_AGGRESSIVE;
				CLANG_WARN_UNREACHABLE_CODE = YES;
				CLANG_WARN__DUPLICATE_METHOD_MATCH = YES;
				COPY_PHASE_STRIP = NO;
				DEBUG_INFORMATION_FORMAT = "dwarf-with-dsym";
				ENABLE_NS_ASSERTIONS = NO;
				ENABLE_STRICT_OBJC_MSGSEND = YES;
				GCC_C_LANGUAGE_STANDARD = gnu11;
				GCC_NO_COMMON_BLOCKS = YES;
				GCC_WARN_64_TO_32_BIT_CONVERSION = YES;
				GCC_WARN_ABOUT_RETURN_TYPE = YES_ERROR;
				GCC_WARN_UNDECLARED_SELECTOR = YES;
				GCC_WARN_UNINITIALIZED_AUTOS = YES_AGGRESSIVE;
				GCC_WARN_UNUSED_FUNCTION = YES;
				GCC_WARN_UNUSED_VARIABLE = YES;
				IPHONEOS_DEPLOYMENT_TARGET = 16.1;
				MTL_ENABLE_DEBUG_INFO = NO;
				MTL_FAST_MATH = YES;
				SDKROOT = iphoneos;
				SWIFT_COMPILATION_MODE = wholemodule;
				SWIFT_OPTIMIZATION_LEVEL = "-O";
				VALIDATE_PRODUCT = YES;
			};
			name = Release;
		};
		DED4E5D029A8DCA200C74B0C /* Debug */ = {
			isa = XCBuildConfiguration;
			buildSettings = {
				ASSETCATALOG_COMPILER_APPICON_NAME = AppIcon;
				ASSETCATALOG_COMPILER_GLOBAL_ACCENT_COLOR_NAME = AccentColor;
				CODE_SIGN_STYLE = Automatic;
				CURRENT_PROJECT_VERSION = 1;
				DEVELOPMENT_TEAM = ZY98G8GQD4;
				GENERATE_INFOPLIST_FILE = YES;
				INFOPLIST_FILE = MovieApp/Info.plist;
				INFOPLIST_KEY_UIApplicationSupportsIndirectInputEvents = YES;
				INFOPLIST_KEY_UILaunchStoryboardName = LaunchScreen;
				INFOPLIST_KEY_UIMainStoryboardFile = Main;
				INFOPLIST_KEY_UISupportedInterfaceOrientations_iPad = "UIInterfaceOrientationPortrait UIInterfaceOrientationPortraitUpsideDown UIInterfaceOrientationLandscapeLeft UIInterfaceOrientationLandscapeRight";
				INFOPLIST_KEY_UISupportedInterfaceOrientations_iPhone = "UIInterfaceOrientationPortrait UIInterfaceOrientationLandscapeLeft UIInterfaceOrientationLandscapeRight";
				LD_RUNPATH_SEARCH_PATHS = (
					"$(inherited)",
					"@executable_path/Frameworks",
				);
				MARKETING_VERSION = 1.0;
				PRODUCT_BUNDLE_IDENTIFIER = com.erkancosar.MovieApp;
				PRODUCT_NAME = "$(TARGET_NAME)";
				SWIFT_EMIT_LOC_STRINGS = YES;
				SWIFT_VERSION = 5.0;
				TARGETED_DEVICE_FAMILY = "1,2";
			};
			name = Debug;
		};
		DED4E5D129A8DCA200C74B0C /* Release */ = {
			isa = XCBuildConfiguration;
			buildSettings = {
				ASSETCATALOG_COMPILER_APPICON_NAME = AppIcon;
				ASSETCATALOG_COMPILER_GLOBAL_ACCENT_COLOR_NAME = AccentColor;
				CODE_SIGN_STYLE = Automatic;
				CURRENT_PROJECT_VERSION = 1;
				DEVELOPMENT_TEAM = ZY98G8GQD4;
				GENERATE_INFOPLIST_FILE = YES;
				INFOPLIST_FILE = MovieApp/Info.plist;
				INFOPLIST_KEY_UIApplicationSupportsIndirectInputEvents = YES;
				INFOPLIST_KEY_UILaunchStoryboardName = LaunchScreen;
				INFOPLIST_KEY_UIMainStoryboardFile = Main;
				INFOPLIST_KEY_UISupportedInterfaceOrientations_iPad = "UIInterfaceOrientationPortrait UIInterfaceOrientationPortraitUpsideDown UIInterfaceOrientationLandscapeLeft UIInterfaceOrientationLandscapeRight";
				INFOPLIST_KEY_UISupportedInterfaceOrientations_iPhone = "UIInterfaceOrientationPortrait UIInterfaceOrientationLandscapeLeft UIInterfaceOrientationLandscapeRight";
				LD_RUNPATH_SEARCH_PATHS = (
					"$(inherited)",
					"@executable_path/Frameworks",
				);
				MARKETING_VERSION = 1.0;
				PRODUCT_BUNDLE_IDENTIFIER = com.erkancosar.MovieApp;
				PRODUCT_NAME = "$(TARGET_NAME)";
				SWIFT_EMIT_LOC_STRINGS = YES;
				SWIFT_VERSION = 5.0;
				TARGETED_DEVICE_FAMILY = "1,2";
			};
			name = Release;
		};
/* End XCBuildConfiguration section */

/* Begin XCConfigurationList section */
		DED4E5B629A8DCA200C74B0C /* Build configuration list for PBXProject "MovieApp" */ = {
			isa = XCConfigurationList;
			buildConfigurations = (
				DED4E5CD29A8DCA200C74B0C /* Debug */,
				DED4E5CE29A8DCA200C74B0C /* Release */,
			);
			defaultConfigurationIsVisible = 0;
			defaultConfigurationName = Release;
		};
		DED4E5CF29A8DCA200C74B0C /* Build configuration list for PBXNativeTarget "MovieApp" */ = {
			isa = XCConfigurationList;
			buildConfigurations = (
				DED4E5D029A8DCA200C74B0C /* Debug */,
				DED4E5D129A8DCA200C74B0C /* Release */,
			);
			defaultConfigurationIsVisible = 0;
			defaultConfigurationName = Release;
		};
/* End XCConfigurationList section */

/* Begin XCRemoteSwiftPackageReference section */
		DE60021829A92CD600B7C046 /* XCRemoteSwiftPackageReference "Alamofire" */ = {
			isa = XCRemoteSwiftPackageReference;
			repositoryURL = "https://github.com/Alamofire/Alamofire";
			requirement = {
				kind = upToNextMajorVersion;
				minimumVersion = 5.0.0;
			};
		};
		DE60021F29A94F0500B7C046 /* XCRemoteSwiftPackageReference "SDWebImage" */ = {
			isa = XCRemoteSwiftPackageReference;
			repositoryURL = "https://github.com/SDWebImage/SDWebImage";
			requirement = {
				branch = master;
				kind = branch;
			};
		};
/* End XCRemoteSwiftPackageReference section */

/* Begin XCSwiftPackageProductDependency section */
		DE60021929A92CD600B7C046 /* Alamofire */ = {
			isa = XCSwiftPackageProductDependency;
			package = DE60021829A92CD600B7C046 /* XCRemoteSwiftPackageReference "Alamofire" */;
			productName = Alamofire;
		};
		DE60022029A94F0500B7C046 /* SDWebImage */ = {
			isa = XCSwiftPackageProductDependency;
			package = DE60021F29A94F0500B7C046 /* XCRemoteSwiftPackageReference "SDWebImage" */;
			productName = SDWebImage;
		};
/* End XCSwiftPackageProductDependency section */
	};
	rootObject = DED4E5B329A8DCA200C74B0C /* Project object */;
}
